// !$*UTF8*$!
{
	archiveVersion = 1;
	classes = {
	};
	objectVersion = 55;
	objects = {

/* Begin PBXBuildFile section */
		184B9B4528729A5C008C2C4A /* LoginViewController.swift in Sources */ = {isa = PBXBuildFile; fileRef = 184B9B4428729A5C008C2C4A /* LoginViewController.swift */; };
		184B9B472873EA5D008C2C4A /* SecondViewController.swift in Sources */ = {isa = PBXBuildFile; fileRef = 184B9B462873EA5D008C2C4A /* SecondViewController.swift */; };
		184B9B492873EA83008C2C4A /* ThirdViewController.swift in Sources */ = {isa = PBXBuildFile; fileRef = 184B9B482873EA83008C2C4A /* ThirdViewController.swift */; };
		1855F3982844F6CF00DAE477 /* AppDelegate.swift in Sources */ = {isa = PBXBuildFile; fileRef = 1855F3972844F6CF00DAE477 /* AppDelegate.swift */; };
		1855F39A2844F6CF00DAE477 /* SceneDelegate.swift in Sources */ = {isa = PBXBuildFile; fileRef = 1855F3992844F6CF00DAE477 /* SceneDelegate.swift */; };
		1855F39C2844F6CF00DAE477 /* ViewController.swift in Sources */ = {isa = PBXBuildFile; fileRef = 1855F39B2844F6CF00DAE477 /* ViewController.swift */; };
		1855F39F2844F6CF00DAE477 /* Main.storyboard in Resources */ = {isa = PBXBuildFile; fileRef = 1855F39D2844F6CF00DAE477 /* Main.storyboard */; };
		1855F3A12844F6D200DAE477 /* Assets.xcassets in Resources */ = {isa = PBXBuildFile; fileRef = 1855F3A02844F6D200DAE477 /* Assets.xcassets */; };
		1855F3A42844F6D200DAE477 /* LaunchScreen.storyboard in Resources */ = {isa = PBXBuildFile; fileRef = 1855F3A22844F6D200DAE477 /* LaunchScreen.storyboard */; };
		1855F3AF2844F6D200DAE477 /* First_iOS_AppTests.swift in Sources */ = {isa = PBXBuildFile; fileRef = 1855F3AE2844F6D200DAE477 /* First_iOS_AppTests.swift */; };
		1855F3B92844F6D200DAE477 /* First_iOS_AppUITests.swift in Sources */ = {isa = PBXBuildFile; fileRef = 1855F3B82844F6D200DAE477 /* First_iOS_AppUITests.swift */; };
		1855F3BB2844F6D200DAE477 /* First_iOS_AppUITestsLaunchTests.swift in Sources */ = {isa = PBXBuildFile; fileRef = 1855F3BA2844F6D200DAE477 /* First_iOS_AppUITestsLaunchTests.swift */; };
		1881E31A2887B44C006D68D1 /* RideViewController.swift in Sources */ = {isa = PBXBuildFile; fileRef = 1881E3192887B44C006D68D1 /* RideViewController.swift */; };
		18E029F4288E4B890095F692 /* UserListViewController.swift in Sources */ = {isa = PBXBuildFile; fileRef = 18E029F3288E4B890095F692 /* UserListViewController.swift */; };
		18E029F9288E4E3F0095F692 /* UserInfoTableViewCell.swift in Sources */ = {isa = PBXBuildFile; fileRef = 18E029F7288E4E3F0095F692 /* UserInfoTableViewCell.swift */; };
		18E029FA288E4E3F0095F692 /* UserInfoTableViewCell.xib in Resources */ = {isa = PBXBuildFile; fileRef = 18E029F8288E4E3F0095F692 /* UserInfoTableViewCell.xib */; };
		18E080BB289B77CC002656F8 /* ApiRequestViewController.swift in Sources */ = {isa = PBXBuildFile; fileRef = 18E080BA289B77CC002656F8 /* ApiRequestViewController.swift */; };
		287D728BD24887F2A49F2F86 /* Pods_First_iOS_App.framework in Frameworks */ = {isa = PBXBuildFile; fileRef = FB41E3568F59145C2AF94410 /* Pods_First_iOS_App.framework */; };
		34D36A0F3F5F2602D7A300EF /* Pods_First_iOS_App_First_iOS_AppUITests.framework in Frameworks */ = {isa = PBXBuildFile; fileRef = 12D3DB1190042818231EA9AE /* Pods_First_iOS_App_First_iOS_AppUITests.framework */; };
		D54A2DBFA9F66A86E93A8DCE /* Pods_First_iOS_AppTests.framework in Frameworks */ = {isa = PBXBuildFile; fileRef = F6DA3AE21D46AD8AB7C1ED35 /* Pods_First_iOS_AppTests.framework */; };
/* End PBXBuildFile section */

/* Begin PBXContainerItemProxy section */
		1855F3AB2844F6D200DAE477 /* PBXContainerItemProxy */ = {
			isa = PBXContainerItemProxy;
			containerPortal = 1855F38C2844F6CF00DAE477 /* Project object */;
			proxyType = 1;
			remoteGlobalIDString = 1855F3932844F6CF00DAE477;
			remoteInfo = First_iOS_App;
		};
		1855F3B52844F6D200DAE477 /* PBXContainerItemProxy */ = {
			isa = PBXContainerItemProxy;
			containerPortal = 1855F38C2844F6CF00DAE477 /* Project object */;
			proxyType = 1;
			remoteGlobalIDString = 1855F3932844F6CF00DAE477;
			remoteInfo = First_iOS_App;
		};
/* End PBXContainerItemProxy section */

/* Begin PBXFileReference section */
		12D3DB1190042818231EA9AE /* Pods_First_iOS_App_First_iOS_AppUITests.framework */ = {isa = PBXFileReference; explicitFileType = wrapper.framework; includeInIndex = 0; path = Pods_First_iOS_App_First_iOS_AppUITests.framework; sourceTree = BUILT_PRODUCTS_DIR; };
		184B9B4428729A5C008C2C4A /* LoginViewController.swift */ = {isa = PBXFileReference; lastKnownFileType = sourcecode.swift; path = LoginViewController.swift; sourceTree = "<group>"; };
		184B9B462873EA5D008C2C4A /* SecondViewController.swift */ = {isa = PBXFileReference; lastKnownFileType = sourcecode.swift; path = SecondViewController.swift; sourceTree = "<group>"; };
		184B9B482873EA83008C2C4A /* ThirdViewController.swift */ = {isa = PBXFileReference; lastKnownFileType = sourcecode.swift; path = ThirdViewController.swift; sourceTree = "<group>"; };
		1855F3942844F6CF00DAE477 /* First_iOS_App.app */ = {isa = PBXFileReference; explicitFileType = wrapper.application; includeInIndex = 0; path = First_iOS_App.app; sourceTree = BUILT_PRODUCTS_DIR; };
		1855F3972844F6CF00DAE477 /* AppDelegate.swift */ = {isa = PBXFileReference; lastKnownFileType = sourcecode.swift; path = AppDelegate.swift; sourceTree = "<group>"; };
		1855F3992844F6CF00DAE477 /* SceneDelegate.swift */ = {isa = PBXFileReference; lastKnownFileType = sourcecode.swift; path = SceneDelegate.swift; sourceTree = "<group>"; };
		1855F39B2844F6CF00DAE477 /* ViewController.swift */ = {isa = PBXFileReference; lastKnownFileType = sourcecode.swift; path = ViewController.swift; sourceTree = "<group>"; };
		1855F39E2844F6CF00DAE477 /* Base */ = {isa = PBXFileReference; lastKnownFileType = file.storyboard; name = Base; path = Base.lproj/Main.storyboard; sourceTree = "<group>"; };
		1855F3A02844F6D200DAE477 /* Assets.xcassets */ = {isa = PBXFileReference; lastKnownFileType = folder.assetcatalog; path = Assets.xcassets; sourceTree = "<group>"; };
		1855F3A32844F6D200DAE477 /* Base */ = {isa = PBXFileReference; lastKnownFileType = file.storyboard; name = Base; path = Base.lproj/LaunchScreen.storyboard; sourceTree = "<group>"; };
		1855F3A52844F6D200DAE477 /* Info.plist */ = {isa = PBXFileReference; lastKnownFileType = text.plist.xml; path = Info.plist; sourceTree = "<group>"; };
		1855F3AA2844F6D200DAE477 /* First_iOS_AppTests.xctest */ = {isa = PBXFileReference; explicitFileType = wrapper.cfbundle; includeInIndex = 0; path = First_iOS_AppTests.xctest; sourceTree = BUILT_PRODUCTS_DIR; };
		1855F3AE2844F6D200DAE477 /* First_iOS_AppTests.swift */ = {isa = PBXFileReference; lastKnownFileType = sourcecode.swift; path = First_iOS_AppTests.swift; sourceTree = "<group>"; };
		1855F3B42844F6D200DAE477 /* First_iOS_AppUITests.xctest */ = {isa = PBXFileReference; explicitFileType = wrapper.cfbundle; includeInIndex = 0; path = First_iOS_AppUITests.xctest; sourceTree = BUILT_PRODUCTS_DIR; };
		1855F3B82844F6D200DAE477 /* First_iOS_AppUITests.swift */ = {isa = PBXFileReference; lastKnownFileType = sourcecode.swift; path = First_iOS_AppUITests.swift; sourceTree = "<group>"; };
		1855F3BA2844F6D200DAE477 /* First_iOS_AppUITestsLaunchTests.swift */ = {isa = PBXFileReference; lastKnownFileType = sourcecode.swift; path = First_iOS_AppUITestsLaunchTests.swift; sourceTree = "<group>"; };
		1881E3192887B44C006D68D1 /* RideViewController.swift */ = {isa = PBXFileReference; lastKnownFileType = sourcecode.swift; path = RideViewController.swift; sourceTree = "<group>"; };
		18E029F3288E4B890095F692 /* UserListViewController.swift */ = {isa = PBXFileReference; lastKnownFileType = sourcecode.swift; path = UserListViewController.swift; sourceTree = "<group>"; };
		18E029F7288E4E3F0095F692 /* UserInfoTableViewCell.swift */ = {isa = PBXFileReference; lastKnownFileType = sourcecode.swift; path = UserInfoTableViewCell.swift; sourceTree = "<group>"; };
		18E029F8288E4E3F0095F692 /* UserInfoTableViewCell.xib */ = {isa = PBXFileReference; lastKnownFileType = file.xib; path = UserInfoTableViewCell.xib; sourceTree = "<group>"; };
		18E080BA289B77CC002656F8 /* ApiRequestViewController.swift */ = {isa = PBXFileReference; lastKnownFileType = sourcecode.swift; path = ApiRequestViewController.swift; sourceTree = "<group>"; };
		227C3DC16212DFEDBCE6B9A4 /* Pods-First_iOS_App.release.xcconfig */ = {isa = PBXFileReference; includeInIndex = 1; lastKnownFileType = text.xcconfig; name = "Pods-First_iOS_App.release.xcconfig"; path = "Target Support Files/Pods-First_iOS_App/Pods-First_iOS_App.release.xcconfig"; sourceTree = "<group>"; };
		31C46BC46600A79934AB8515 /* Pods-First_iOS_App-First_iOS_AppUITests.debug.xcconfig */ = {isa = PBXFileReference; includeInIndex = 1; lastKnownFileType = text.xcconfig; name = "Pods-First_iOS_App-First_iOS_AppUITests.debug.xcconfig"; path = "Target Support Files/Pods-First_iOS_App-First_iOS_AppUITests/Pods-First_iOS_App-First_iOS_AppUITests.debug.xcconfig"; sourceTree = "<group>"; };
		455D36B4762B0D0EFAB46481 /* Pods-First_iOS_App.debug.xcconfig */ = {isa = PBXFileReference; includeInIndex = 1; lastKnownFileType = text.xcconfig; name = "Pods-First_iOS_App.debug.xcconfig"; path = "Target Support Files/Pods-First_iOS_App/Pods-First_iOS_App.debug.xcconfig"; sourceTree = "<group>"; };
		9D836529D50DA17F8E0224B6 /* Pods-First_iOS_App-First_iOS_AppUITests.release.xcconfig */ = {isa = PBXFileReference; includeInIndex = 1; lastKnownFileType = text.xcconfig; name = "Pods-First_iOS_App-First_iOS_AppUITests.release.xcconfig"; path = "Target Support Files/Pods-First_iOS_App-First_iOS_AppUITests/Pods-First_iOS_App-First_iOS_AppUITests.release.xcconfig"; sourceTree = "<group>"; };
		A81481AC71B9DA025D272BA1 /* Pods-First_iOS_AppTests.release.xcconfig */ = {isa = PBXFileReference; includeInIndex = 1; lastKnownFileType = text.xcconfig; name = "Pods-First_iOS_AppTests.release.xcconfig"; path = "Target Support Files/Pods-First_iOS_AppTests/Pods-First_iOS_AppTests.release.xcconfig"; sourceTree = "<group>"; };
		D3DFBE165D83D13D8808D287 /* Pods-First_iOS_AppTests.debug.xcconfig */ = {isa = PBXFileReference; includeInIndex = 1; lastKnownFileType = text.xcconfig; name = "Pods-First_iOS_AppTests.debug.xcconfig"; path = "Target Support Files/Pods-First_iOS_AppTests/Pods-First_iOS_AppTests.debug.xcconfig"; sourceTree = "<group>"; };
		F6DA3AE21D46AD8AB7C1ED35 /* Pods_First_iOS_AppTests.framework */ = {isa = PBXFileReference; explicitFileType = wrapper.framework; includeInIndex = 0; path = Pods_First_iOS_AppTests.framework; sourceTree = BUILT_PRODUCTS_DIR; };
		FB41E3568F59145C2AF94410 /* Pods_First_iOS_App.framework */ = {isa = PBXFileReference; explicitFileType = wrapper.framework; includeInIndex = 0; path = Pods_First_iOS_App.framework; sourceTree = BUILT_PRODUCTS_DIR; };
/* End PBXFileReference section */

/* Begin PBXFrameworksBuildPhase section */
		1855F3912844F6CF00DAE477 /* Frameworks */ = {
			isa = PBXFrameworksBuildPhase;
			buildActionMask = 2147483647;
			files = (
				287D728BD24887F2A49F2F86 /* Pods_First_iOS_App.framework in Frameworks */,
			);
			runOnlyForDeploymentPostprocessing = 0;
		};
		1855F3A72844F6D200DAE477 /* Frameworks */ = {
			isa = PBXFrameworksBuildPhase;
			buildActionMask = 2147483647;
			files = (
				D54A2DBFA9F66A86E93A8DCE /* Pods_First_iOS_AppTests.framework in Frameworks */,
			);
			runOnlyForDeploymentPostprocessing = 0;
		};
		1855F3B12844F6D200DAE477 /* Frameworks */ = {
			isa = PBXFrameworksBuildPhase;
			buildActionMask = 2147483647;
			files = (
				34D36A0F3F5F2602D7A300EF /* Pods_First_iOS_App_First_iOS_AppUITests.framework in Frameworks */,
			);
			runOnlyForDeploymentPostprocessing = 0;
		};
/* End PBXFrameworksBuildPhase section */

/* Begin PBXGroup section */
		1855F38B2844F6CF00DAE477 = {
			isa = PBXGroup;
			children = (
				1855F3962844F6CF00DAE477 /* First_iOS_App */,
				1855F3AD2844F6D200DAE477 /* First_iOS_AppTests */,
				1855F3B72844F6D200DAE477 /* First_iOS_AppUITests */,
				1855F3952844F6CF00DAE477 /* Products */,
				BEBBECDF817D287ED74830D5 /* Frameworks */,
				9FD612BF040FE0C0C729B63D /* Pods */,
			);
			sourceTree = "<group>";
		};
		1855F3952844F6CF00DAE477 /* Products */ = {
			isa = PBXGroup;
			children = (
				1855F3942844F6CF00DAE477 /* First_iOS_App.app */,
				1855F3AA2844F6D200DAE477 /* First_iOS_AppTests.xctest */,
				1855F3B42844F6D200DAE477 /* First_iOS_AppUITests.xctest */,
			);
			name = Products;
			sourceTree = "<group>";
		};
		1855F3962844F6CF00DAE477 /* First_iOS_App */ = {
			isa = PBXGroup;
			children = (
				1855F3972844F6CF00DAE477 /* AppDelegate.swift */,
				18E029F7288E4E3F0095F692 /* UserInfoTableViewCell.swift */,
				18E029F8288E4E3F0095F692 /* UserInfoTableViewCell.xib */,
				1855F3992844F6CF00DAE477 /* SceneDelegate.swift */,
				1855F39B2844F6CF00DAE477 /* ViewController.swift */,
				1855F39D2844F6CF00DAE477 /* Main.storyboard */,
				18E080BA289B77CC002656F8 /* ApiRequestViewController.swift */,
				18E029F3288E4B890095F692 /* UserListViewController.swift */,
				1881E3192887B44C006D68D1 /* RideViewController.swift */,
				184B9B482873EA83008C2C4A /* ThirdViewController.swift */,
				184B9B462873EA5D008C2C4A /* SecondViewController.swift */,
				184B9B4428729A5C008C2C4A /* LoginViewController.swift */,
				1855F3A02844F6D200DAE477 /* Assets.xcassets */,
				1855F3A22844F6D200DAE477 /* LaunchScreen.storyboard */,
				1855F3A52844F6D200DAE477 /* Info.plist */,
			);
			path = First_iOS_App;
			sourceTree = "<group>";
		};
		1855F3AD2844F6D200DAE477 /* First_iOS_AppTests */ = {
			isa = PBXGroup;
			children = (
				1855F3AE2844F6D200DAE477 /* First_iOS_AppTests.swift */,
			);
			path = First_iOS_AppTests;
			sourceTree = "<group>";
		};
		1855F3B72844F6D200DAE477 /* First_iOS_AppUITests */ = {
			isa = PBXGroup;
			children = (
				1855F3B82844F6D200DAE477 /* First_iOS_AppUITests.swift */,
				1855F3BA2844F6D200DAE477 /* First_iOS_AppUITestsLaunchTests.swift */,
			);
			path = First_iOS_AppUITests;
			sourceTree = "<group>";
		};
		9FD612BF040FE0C0C729B63D /* Pods */ = {
			isa = PBXGroup;
			children = (
				455D36B4762B0D0EFAB46481 /* Pods-First_iOS_App.debug.xcconfig */,
				227C3DC16212DFEDBCE6B9A4 /* Pods-First_iOS_App.release.xcconfig */,
				31C46BC46600A79934AB8515 /* Pods-First_iOS_App-First_iOS_AppUITests.debug.xcconfig */,
				9D836529D50DA17F8E0224B6 /* Pods-First_iOS_App-First_iOS_AppUITests.release.xcconfig */,
				D3DFBE165D83D13D8808D287 /* Pods-First_iOS_AppTests.debug.xcconfig */,
				A81481AC71B9DA025D272BA1 /* Pods-First_iOS_AppTests.release.xcconfig */,
			);
			path = Pods;
			sourceTree = "<group>";
		};
		BEBBECDF817D287ED74830D5 /* Frameworks */ = {
			isa = PBXGroup;
			children = (
				FB41E3568F59145C2AF94410 /* Pods_First_iOS_App.framework */,
				12D3DB1190042818231EA9AE /* Pods_First_iOS_App_First_iOS_AppUITests.framework */,
				F6DA3AE21D46AD8AB7C1ED35 /* Pods_First_iOS_AppTests.framework */,
			);
			name = Frameworks;
			sourceTree = "<group>";
		};
/* End PBXGroup section */

/* Begin PBXNativeTarget section */
		1855F3932844F6CF00DAE477 /* First_iOS_App */ = {
			isa = PBXNativeTarget;
			buildConfigurationList = 1855F3BE2844F6D200DAE477 /* Build configuration list for PBXNativeTarget "First_iOS_App" */;
			buildPhases = (
				62F126C54A774EA43F3D4C9A /* [CP] Check Pods Manifest.lock */,
				1855F3902844F6CF00DAE477 /* Sources */,
				1855F3912844F6CF00DAE477 /* Frameworks */,
				1855F3922844F6CF00DAE477 /* Resources */,
			);
			buildRules = (
			);
			dependencies = (
			);
			name = First_iOS_App;
			productName = First_iOS_App;
			productReference = 1855F3942844F6CF00DAE477 /* First_iOS_App.app */;
			productType = "com.apple.product-type.application";
		};
		1855F3A92844F6D200DAE477 /* First_iOS_AppTests */ = {
			isa = PBXNativeTarget;
			buildConfigurationList = 1855F3C12844F6D200DAE477 /* Build configuration list for PBXNativeTarget "First_iOS_AppTests" */;
			buildPhases = (
				F3C95247ED016F91DC75BA80 /* [CP] Check Pods Manifest.lock */,
				1855F3A62844F6D200DAE477 /* Sources */,
				1855F3A72844F6D200DAE477 /* Frameworks */,
				1855F3A82844F6D200DAE477 /* Resources */,
			);
			buildRules = (
			);
			dependencies = (
				1855F3AC2844F6D200DAE477 /* PBXTargetDependency */,
			);
			name = First_iOS_AppTests;
			productName = First_iOS_AppTests;
			productReference = 1855F3AA2844F6D200DAE477 /* First_iOS_AppTests.xctest */;
			productType = "com.apple.product-type.bundle.unit-test";
		};
		1855F3B32844F6D200DAE477 /* First_iOS_AppUITests */ = {
			isa = PBXNativeTarget;
			buildConfigurationList = 1855F3C42844F6D200DAE477 /* Build configuration list for PBXNativeTarget "First_iOS_AppUITests" */;
			buildPhases = (
				028D49B4A9979F4DE187B97C /* [CP] Check Pods Manifest.lock */,
				1855F3B02844F6D200DAE477 /* Sources */,
				1855F3B12844F6D200DAE477 /* Frameworks */,
				1855F3B22844F6D200DAE477 /* Resources */,
			);
			buildRules = (
			);
			dependencies = (
				1855F3B62844F6D200DAE477 /* PBXTargetDependency */,
			);
			name = First_iOS_AppUITests;
			productName = First_iOS_AppUITests;
			productReference = 1855F3B42844F6D200DAE477 /* First_iOS_AppUITests.xctest */;
			productType = "com.apple.product-type.bundle.ui-testing";
		};
/* End PBXNativeTarget section */

/* Begin PBXProject section */
		1855F38C2844F6CF00DAE477 /* Project object */ = {
			isa = PBXProject;
			attributes = {
				BuildIndependentTargetsInParallel = 1;
				LastSwiftUpdateCheck = 1330;
				LastUpgradeCheck = 1330;
				TargetAttributes = {
					1855F3932844F6CF00DAE477 = {
						CreatedOnToolsVersion = 13.3.1;
					};
					1855F3A92844F6D200DAE477 = {
						CreatedOnToolsVersion = 13.3.1;
						TestTargetID = 1855F3932844F6CF00DAE477;
					};
					1855F3B32844F6D200DAE477 = {
						CreatedOnToolsVersion = 13.3.1;
						TestTargetID = 1855F3932844F6CF00DAE477;
					};
				};
			};
			buildConfigurationList = 1855F38F2844F6CF00DAE477 /* Build configuration list for PBXProject "First_iOS_App" */;
			compatibilityVersion = "Xcode 13.0";
			developmentRegion = en;
			hasScannedForEncodings = 0;
			knownRegions = (
				en,
				Base,
			);
			mainGroup = 1855F38B2844F6CF00DAE477;
			productRefGroup = 1855F3952844F6CF00DAE477 /* Products */;
			projectDirPath = "";
			projectRoot = "";
			targets = (
				1855F3932844F6CF00DAE477 /* First_iOS_App */,
				1855F3A92844F6D200DAE477 /* First_iOS_AppTests */,
				1855F3B32844F6D200DAE477 /* First_iOS_AppUITests */,
			);
		};
/* End PBXProject section */

/* Begin PBXResourcesBuildPhase section */
		1855F3922844F6CF00DAE477 /* Resources */ = {
			isa = PBXResourcesBuildPhase;
			buildActionMask = 2147483647;
			files = (
				18E029FA288E4E3F0095F692 /* UserInfoTableViewCell.xib in Resources */,
				1855F3A42844F6D200DAE477 /* LaunchScreen.storyboard in Resources */,
				1855F3A12844F6D200DAE477 /* Assets.xcassets in Resources */,
				1855F39F2844F6CF00DAE477 /* Main.storyboard in Resources */,
			);
			runOnlyForDeploymentPostprocessing = 0;
		};
		1855F3A82844F6D200DAE477 /* Resources */ = {
			isa = PBXResourcesBuildPhase;
			buildActionMask = 2147483647;
			files = (
			);
			runOnlyForDeploymentPostprocessing = 0;
		};
		1855F3B22844F6D200DAE477 /* Resources */ = {
			isa = PBXResourcesBuildPhase;
			buildActionMask = 2147483647;
			files = (
			);
			runOnlyForDeploymentPostprocessing = 0;
		};
/* End PBXResourcesBuildPhase section */

/* Begin PBXShellScriptBuildPhase section */
		028D49B4A9979F4DE187B97C /* [CP] Check Pods Manifest.lock */ = {
			isa = PBXShellScriptBuildPhase;
			buildActionMask = 2147483647;
			files = (
			);
			inputFileListPaths = (
			);
			inputPaths = (
				"${PODS_PODFILE_DIR_PATH}/Podfile.lock",
				"${PODS_ROOT}/Manifest.lock",
			);
			name = "[CP] Check Pods Manifest.lock";
			outputFileListPaths = (
			);
			outputPaths = (
				"$(DERIVED_FILE_DIR)/Pods-First_iOS_App-First_iOS_AppUITests-checkManifestLockResult.txt",
			);
			runOnlyForDeploymentPostprocessing = 0;
			shellPath = /bin/sh;
			shellScript = "diff \"${PODS_PODFILE_DIR_PATH}/Podfile.lock\" \"${PODS_ROOT}/Manifest.lock\" > /dev/null\nif [ $? != 0 ] ; then\n    # print error to STDERR\n    echo \"error: The sandbox is not in sync with the Podfile.lock. Run 'pod install' or update your CocoaPods installation.\" >&2\n    exit 1\nfi\n# This output is used by Xcode 'outputs' to avoid re-running this script phase.\necho \"SUCCESS\" > \"${SCRIPT_OUTPUT_FILE_0}\"\n";
			showEnvVarsInLog = 0;
		};
		62F126C54A774EA43F3D4C9A /* [CP] Check Pods Manifest.lock */ = {
			isa = PBXShellScriptBuildPhase;
			buildActionMask = 2147483647;
			files = (
			);
			inputFileListPaths = (
			);
			inputPaths = (
				"${PODS_PODFILE_DIR_PATH}/Podfile.lock",
				"${PODS_ROOT}/Manifest.lock",
			);
			name = "[CP] Check Pods Manifest.lock";
			outputFileListPaths = (
			);
			outputPaths = (
				"$(DERIVED_FILE_DIR)/Pods-First_iOS_App-checkManifestLockResult.txt",
			);
			runOnlyForDeploymentPostprocessing = 0;
			shellPath = /bin/sh;
			shellScript = "diff \"${PODS_PODFILE_DIR_PATH}/Podfile.lock\" \"${PODS_ROOT}/Manifest.lock\" > /dev/null\nif [ $? != 0 ] ; then\n    # print error to STDERR\n    echo \"error: The sandbox is not in sync with the Podfile.lock. Run 'pod install' or update your CocoaPods installation.\" >&2\n    exit 1\nfi\n# This output is used by Xcode 'outputs' to avoid re-running this script phase.\necho \"SUCCESS\" > \"${SCRIPT_OUTPUT_FILE_0}\"\n";
			showEnvVarsInLog = 0;
		};
		F3C95247ED016F91DC75BA80 /* [CP] Check Pods Manifest.lock */ = {
			isa = PBXShellScriptBuildPhase;
			buildActionMask = 2147483647;
			files = (
			);
			inputFileListPaths = (
			);
			inputPaths = (
				"${PODS_PODFILE_DIR_PATH}/Podfile.lock",
				"${PODS_ROOT}/Manifest.lock",
			);
			name = "[CP] Check Pods Manifest.lock";
			outputFileListPaths = (
			);
			outputPaths = (
				"$(DERIVED_FILE_DIR)/Pods-First_iOS_AppTests-checkManifestLockResult.txt",
			);
			runOnlyForDeploymentPostprocessing = 0;
			shellPath = /bin/sh;
			shellScript = "diff \"${PODS_PODFILE_DIR_PATH}/Podfile.lock\" \"${PODS_ROOT}/Manifest.lock\" > /dev/null\nif [ $? != 0 ] ; then\n    # print error to STDERR\n    echo \"error: The sandbox is not in sync with the Podfile.lock. Run 'pod install' or update your CocoaPods installation.\" >&2\n    exit 1\nfi\n# This output is used by Xcode 'outputs' to avoid re-running this script phase.\necho \"SUCCESS\" > \"${SCRIPT_OUTPUT_FILE_0}\"\n";
			showEnvVarsInLog = 0;
		};
/* End PBXShellScriptBuildPhase section */

/* Begin PBXSourcesBuildPhase section */
		1855F3902844F6CF00DAE477 /* Sources */ = {
			isa = PBXSourcesBuildPhase;
			buildActionMask = 2147483647;
			files = (
				184B9B4528729A5C008C2C4A /* LoginViewController.swift in Sources */,
				1855F39C2844F6CF00DAE477 /* ViewController.swift in Sources */,
				1855F3982844F6CF00DAE477 /* AppDelegate.swift in Sources */,
				18E029F9288E4E3F0095F692 /* UserInfoTableViewCell.swift in Sources */,
				18E029F4288E4B890095F692 /* UserListViewController.swift in Sources */,
				18E080BB289B77CC002656F8 /* ApiRequestViewController.swift in Sources */,
				184B9B472873EA5D008C2C4A /* SecondViewController.swift in Sources */,
				184B9B492873EA83008C2C4A /* ThirdViewController.swift in Sources */,
				1855F39A2844F6CF00DAE477 /* SceneDelegate.swift in Sources */,
				1881E31A2887B44C006D68D1 /* RideViewController.swift in Sources */,
			);
			runOnlyForDeploymentPostprocessing = 0;
		};
		1855F3A62844F6D200DAE477 /* Sources */ = {
			isa = PBXSourcesBuildPhase;
			buildActionMask = 2147483647;
			files = (
				1855F3AF2844F6D200DAE477 /* First_iOS_AppTests.swift in Sources */,
			);
			runOnlyForDeploymentPostprocessing = 0;
		};
		1855F3B02844F6D200DAE477 /* Sources */ = {
			isa = PBXSourcesBuildPhase;
			buildActionMask = 2147483647;
			files = (
				1855F3B92844F6D200DAE477 /* First_iOS_AppUITests.swift in Sources */,
				1855F3BB2844F6D200DAE477 /* First_iOS_AppUITestsLaunchTests.swift in Sources */,
			);
			runOnlyForDeploymentPostprocessing = 0;
		};
/* End PBXSourcesBuildPhase section */

/* Begin PBXTargetDependency section */
		1855F3AC2844F6D200DAE477 /* PBXTargetDependency */ = {
			isa = PBXTargetDependency;
			target = 1855F3932844F6CF00DAE477 /* First_iOS_App */;
			targetProxy = 1855F3AB2844F6D200DAE477 /* PBXContainerItemProxy */;
		};
		1855F3B62844F6D200DAE477 /* PBXTargetDependency */ = {
			isa = PBXTargetDependency;
			target = 1855F3932844F6CF00DAE477 /* First_iOS_App */;
			targetProxy = 1855F3B52844F6D200DAE477 /* PBXContainerItemProxy */;
		};
/* End PBXTargetDependency section */

/* Begin PBXVariantGroup section */
		1855F39D2844F6CF00DAE477 /* Main.storyboard */ = {
			isa = PBXVariantGroup;
			children = (
				1855F39E2844F6CF00DAE477 /* Base */,
			);
			name = Main.storyboard;
			sourceTree = "<group>";
		};
		1855F3A22844F6D200DAE477 /* LaunchScreen.storyboard */ = {
			isa = PBXVariantGroup;
			children = (
				1855F3A32844F6D200DAE477 /* Base */,
			);
			name = LaunchScreen.storyboard;
			sourceTree = "<group>";
		};
/* End PBXVariantGroup section */

/* Begin XCBuildConfiguration section */
		1855F3BC2844F6D200DAE477 /* Debug */ = {
			isa = XCBuildConfiguration;
			buildSettings = {
				ALWAYS_SEARCH_USER_PATHS = NO;
				CLANG_ANALYZER_NONNULL = YES;
				CLANG_ANALYZER_NUMBER_OBJECT_CONVERSION = YES_AGGRESSIVE;
				CLANG_CXX_LANGUAGE_STANDARD = "gnu++17";
				CLANG_ENABLE_MODULES = YES;
				CLANG_ENABLE_OBJC_ARC = YES;
				CLANG_ENABLE_OBJC_WEAK = YES;
				CLANG_WARN_BLOCK_CAPTURE_AUTORELEASING = YES;
				CLANG_WARN_BOOL_CONVERSION = YES;
				CLANG_WARN_COMMA = YES;
				CLANG_WARN_CONSTANT_CONVERSION = YES;
				CLANG_WARN_DEPRECATED_OBJC_IMPLEMENTATIONS = YES;
				CLANG_WARN_DIRECT_OBJC_ISA_USAGE = YES_ERROR;
				CLANG_WARN_DOCUMENTATION_COMMENTS = YES;
				CLANG_WARN_EMPTY_BODY = YES;
				CLANG_WARN_ENUM_CONVERSION = YES;
				CLANG_WARN_INFINITE_RECURSION = YES;
				CLANG_WARN_INT_CONVERSION = YES;
				CLANG_WARN_NON_LITERAL_NULL_CONVERSION = YES;
				CLANG_WARN_OBJC_IMPLICIT_RETAIN_SELF = YES;
				CLANG_WARN_OBJC_LITERAL_CONVERSION = YES;
				CLANG_WARN_OBJC_ROOT_CLASS = YES_ERROR;
				CLANG_WARN_QUOTED_INCLUDE_IN_FRAMEWORK_HEADER = YES;
				CLANG_WARN_RANGE_LOOP_ANALYSIS = YES;
				CLANG_WARN_STRICT_PROTOTYPES = YES;
				CLANG_WARN_SUSPICIOUS_MOVE = YES;
				CLANG_WARN_UNGUARDED_AVAILABILITY = YES_AGGRESSIVE;
				CLANG_WARN_UNREACHABLE_CODE = YES;
				CLANG_WARN__DUPLICATE_METHOD_MATCH = YES;
				COPY_PHASE_STRIP = NO;
				DEBUG_INFORMATION_FORMAT = dwarf;
				ENABLE_STRICT_OBJC_MSGSEND = YES;
				ENABLE_TESTABILITY = YES;
				GCC_C_LANGUAGE_STANDARD = gnu11;
				GCC_DYNAMIC_NO_PIC = NO;
				GCC_NO_COMMON_BLOCKS = YES;
				GCC_OPTIMIZATION_LEVEL = 0;
				GCC_PREPROCESSOR_DEFINITIONS = (
					"DEBUG=1",
					"$(inherited)",
				);
				GCC_WARN_64_TO_32_BIT_CONVERSION = YES;
				GCC_WARN_ABOUT_RETURN_TYPE = YES_ERROR;
				GCC_WARN_UNDECLARED_SELECTOR = YES;
				GCC_WARN_UNINITIALIZED_AUTOS = YES_AGGRESSIVE;
				GCC_WARN_UNUSED_FUNCTION = YES;
				GCC_WARN_UNUSED_VARIABLE = YES;
				IPHONEOS_DEPLOYMENT_TARGET = 15.4;
				MTL_ENABLE_DEBUG_INFO = INCLUDE_SOURCE;
				MTL_FAST_MATH = YES;
				ONLY_ACTIVE_ARCH = YES;
				SDKROOT = iphoneos;
				SWIFT_ACTIVE_COMPILATION_CONDITIONS = DEBUG;
				SWIFT_OPTIMIZATION_LEVEL = "-Onone";
			};
			name = Debug;
		};
		1855F3BD2844F6D200DAE477 /* Release */ = {
			isa = XCBuildConfiguration;
			buildSettings = {
				ALWAYS_SEARCH_USER_PATHS = NO;
				CLANG_ANALYZER_NONNULL = YES;
				CLANG_ANALYZER_NUMBER_OBJECT_CONVERSION = YES_AGGRESSIVE;
				CLANG_CXX_LANGUAGE_STANDARD = "gnu++17";
				CLANG_ENABLE_MODULES = YES;
				CLANG_ENABLE_OBJC_ARC = YES;
				CLANG_ENABLE_OBJC_WEAK = YES;
				CLANG_WARN_BLOCK_CAPTURE_AUTORELEASING = YES;
				CLANG_WARN_BOOL_CONVERSION = YES;
				CLANG_WARN_COMMA = YES;
				CLANG_WARN_CONSTANT_CONVERSION = YES;
				CLANG_WARN_DEPRECATED_OBJC_IMPLEMENTATIONS = YES;
				CLANG_WARN_DIRECT_OBJC_ISA_USAGE = YES_ERROR;
				CLANG_WARN_DOCUMENTATION_COMMENTS = YES;
				CLANG_WARN_EMPTY_BODY = YES;
				CLANG_WARN_ENUM_CONVERSION = YES;
				CLANG_WARN_INFINITE_RECURSION = YES;
				CLANG_WARN_INT_CONVERSION = YES;
				CLANG_WARN_NON_LITERAL_NULL_CONVERSION = YES;
				CLANG_WARN_OBJC_IMPLICIT_RETAIN_SELF = YES;
				CLANG_WARN_OBJC_LITERAL_CONVERSION = YES;
				CLANG_WARN_OBJC_ROOT_CLASS = YES_ERROR;
				CLANG_WARN_QUOTED_INCLUDE_IN_FRAMEWORK_HEADER = YES;
				CLANG_WARN_RANGE_LOOP_ANALYSIS = YES;
				CLANG_WARN_STRICT_PROTOTYPES = YES;
				CLANG_WARN_SUSPICIOUS_MOVE = YES;
				CLANG_WARN_UNGUARDED_AVAILABILITY = YES_AGGRESSIVE;
				CLANG_WARN_UNREACHABLE_CODE = YES;
				CLANG_WARN__DUPLICATE_METHOD_MATCH = YES;
				COPY_PHASE_STRIP = NO;
				DEBUG_INFORMATION_FORMAT = "dwarf-with-dsym";
				ENABLE_NS_ASSERTIONS = NO;
				ENABLE_STRICT_OBJC_MSGSEND = YES;
				GCC_C_LANGUAGE_STANDARD = gnu11;
				GCC_NO_COMMON_BLOCKS = YES;
				GCC_WARN_64_TO_32_BIT_CONVERSION = YES;
				GCC_WARN_ABOUT_RETURN_TYPE = YES_ERROR;
				GCC_WARN_UNDECLARED_SELECTOR = YES;
				GCC_WARN_UNINITIALIZED_AUTOS = YES_AGGRESSIVE;
				GCC_WARN_UNUSED_FUNCTION = YES;
				GCC_WARN_UNUSED_VARIABLE = YES;
				IPHONEOS_DEPLOYMENT_TARGET = 15.4;
				MTL_ENABLE_DEBUG_INFO = NO;
				MTL_FAST_MATH = YES;
				SDKROOT = iphoneos;
				SWIFT_COMPILATION_MODE = wholemodule;
				SWIFT_OPTIMIZATION_LEVEL = "-O";
				VALIDATE_PRODUCT = YES;
			};
			name = Release;
		};
		1855F3BF2844F6D200DAE477 /* Debug */ = {
			isa = XCBuildConfiguration;
			baseConfigurationReference = 455D36B4762B0D0EFAB46481 /* Pods-First_iOS_App.debug.xcconfig */;
			buildSettings = {
				ASSETCATALOG_COMPILER_APPICON_NAME = AppIcon;
				ASSETCATALOG_COMPILER_GLOBAL_ACCENT_COLOR_NAME = AccentColor;
				CODE_SIGN_STYLE = Automatic;
				CURRENT_PROJECT_VERSION = 1;
				GENERATE_INFOPLIST_FILE = YES;
				INFOPLIST_FILE = First_iOS_App/Info.plist;
				INFOPLIST_KEY_UIApplicationSupportsIndirectInputEvents = YES;
				INFOPLIST_KEY_UILaunchStoryboardName = LaunchScreen;
				INFOPLIST_KEY_UIMainStoryboardFile = Main;
				INFOPLIST_KEY_UISupportedInterfaceOrientations = UIInterfaceOrientationPortrait;
				INFOPLIST_KEY_UISupportedInterfaceOrientations_iPad = "UIInterfaceOrientationPortrait UIInterfaceOrientationPortraitUpsideDown UIInterfaceOrientationLandscapeLeft UIInterfaceOrientationLandscapeRight";
				INFOPLIST_KEY_UISupportedInterfaceOrientations_iPhone = "UIInterfaceOrientationPortrait UIInterfaceOrientationLandscapeLeft UIInterfaceOrientationLandscapeRight";
				LD_RUNPATH_SEARCH_PATHS = (
					"$(inherited)",
					"@executable_path/Frameworks",
				);
				MARKETING_VERSION = 1.0;
				PRODUCT_BUNDLE_IDENTIFIER = "com.test.app.First-iOS-App";
				PRODUCT_NAME = "$(TARGET_NAME)";
				SWIFT_EMIT_LOC_STRINGS = YES;
				SWIFT_VERSION = 5.0;
				TARGETED_DEVICE_FAMILY = 1;
			};
			name = Debug;
		};
		1855F3C02844F6D200DAE477 /* Release */ = {
			isa = XCBuildConfiguration;
			baseConfigurationReference = 227C3DC16212DFEDBCE6B9A4 /* Pods-First_iOS_App.release.xcconfig */;
			buildSettings = {
				ASSETCATALOG_COMPILER_APPICON_NAME = AppIcon;
				ASSETCATALOG_COMPILER_GLOBAL_ACCENT_COLOR_NAME = AccentColor;
				CODE_SIGN_STYLE = Automatic;
				CURRENT_PROJECT_VERSION = 1;
				GENERATE_INFOPLIST_FILE = YES;
				INFOPLIST_FILE = First_iOS_App/Info.plist;
				INFOPLIST_KEY_UIApplicationSupportsIndirectInputEvents = YES;
				INFOPLIST_KEY_UILaunchStoryboardName = LaunchScreen;
				INFOPLIST_KEY_UIMainStoryboardFile = Main;
				INFOPLIST_KEY_UISupportedInterfaceOrientations = UIInterfaceOrientationPortrait;
				INFOPLIST_KEY_UISupportedInterfaceOrientations_iPad = "UIInterfaceOrientationPortrait UIInterfaceOrientationPortraitUpsideDown UIInterfaceOrientationLandscapeLeft UIInterfaceOrientationLandscapeRight";
				INFOPLIST_KEY_UISupportedInterfaceOrientations_iPhone = "UIInterfaceOrientationPortrait UIInterfaceOrientationLandscapeLeft UIInterfaceOrientationLandscapeRight";
				LD_RUNPATH_SEARCH_PATHS = (
					"$(inherited)",
					"@executable_path/Frameworks",
				);
				MARKETING_VERSION = 1.0;
				PRODUCT_BUNDLE_IDENTIFIER = "com.test.app.First-iOS-App";
				PRODUCT_NAME = "$(TARGET_NAME)";
				SWIFT_EMIT_LOC_STRINGS = YES;
				SWIFT_VERSION = 5.0;
				TARGETED_DEVICE_FAMILY = 1;
			};
			name = Release;
		};
		1855F3C22844F6D200DAE477 /* Debug */ = {
			isa = XCBuildConfiguration;
			baseConfigurationReference = D3DFBE165D83D13D8808D287 /* Pods-First_iOS_AppTests.debug.xcconfig */;
			buildSettings = {
				ALWAYS_EMBED_SWIFT_STANDARD_LIBRARIES = YES;
				BUNDLE_LOADER = "$(TEST_HOST)";
				CODE_SIGN_STYLE = Automatic;
				CURRENT_PROJECT_VERSION = 1;
				GENERATE_INFOPLIST_FILE = YES;
				IPHONEOS_DEPLOYMENT_TARGET = 15.4;
				MARKETING_VERSION = 1.0;
				PRODUCT_BUNDLE_IDENTIFIER = "com.test.app.First-iOS-AppTests";
				PRODUCT_NAME = "$(TARGET_NAME)";
				SWIFT_EMIT_LOC_STRINGS = NO;
				SWIFT_VERSION = 5.0;
				TARGETED_DEVICE_FAMILY = "1,2";
				TEST_HOST = "$(BUILT_PRODUCTS_DIR)/First_iOS_App.app/First_iOS_App";
			};
			name = Debug;
		};
		1855F3C32844F6D200DAE477 /* Release */ = {
			isa = XCBuildConfiguration;
			baseConfigurationReference = A81481AC71B9DA025D272BA1 /* Pods-First_iOS_AppTests.release.xcconfig */;
			buildSettings = {
				ALWAYS_EMBED_SWIFT_STANDARD_LIBRARIES = YES;
				BUNDLE_LOADER = "$(TEST_HOST)";
				CODE_SIGN_STYLE = Automatic;
				CURRENT_PROJECT_VERSION = 1;
				GENERATE_INFOPLIST_FILE = YES;
				IPHONEOS_DEPLOYMENT_TARGET = 15.4;
				MARKETING_VERSION = 1.0;
				PRODUCT_BUNDLE_IDENTIFIER = "com.test.app.First-iOS-AppTests";
				PRODUCT_NAME = "$(TARGET_NAME)";
				SWIFT_EMIT_LOC_STRINGS = NO;
				SWIFT_VERSION = 5.0;
				TARGETED_DEVICE_FAMILY = "1,2";
				TEST_HOST = "$(BUILT_PRODUCTS_DIR)/First_iOS_App.app/First_iOS_App";
			};
			name = Release;
		};
		1855F3C52844F6D200DAE477 /* Debug */ = {
			isa = XCBuildConfiguration;
			baseConfigurationReference = 31C46BC46600A79934AB8515 /* Pods-First_iOS_App-First_iOS_AppUITests.debug.xcconfig */;
			buildSettings = {
				ALWAYS_EMBED_SWIFT_STANDARD_LIBRARIES = YES;
				CODE_SIGN_STYLE = Automatic;
				CURRENT_PROJECT_VERSION = 1;
				GENERATE_INFOPLIST_FILE = YES;
				MARKETING_VERSION = 1.0;
				PRODUCT_BUNDLE_IDENTIFIER = "com.test.app.First-iOS-AppUITests";
				PRODUCT_NAME = "$(TARGET_NAME)";
				SWIFT_EMIT_LOC_STRINGS = NO;
				SWIFT_VERSION = 5.0;
				TARGETED_DEVICE_FAMILY = "1,2";
				TEST_TARGET_NAME = First_iOS_App;
			};
			name = Debug;
		};
		1855F3C62844F6D200DAE477 /* Release */ = {
			isa = XCBuildConfiguration;
			baseConfigurationReference = 9D836529D50DA17F8E0224B6 /* Pods-First_iOS_App-First_iOS_AppUITests.release.xcconfig */;
			buildSettings = {
				ALWAYS_EMBED_SWIFT_STANDARD_LIBRARIES = YES;
				CODE_SIGN_STYLE = Automatic;
				CURRENT_PROJECT_VERSION = 1;
				GENERATE_INFOPLIST_FILE = YES;
				MARKETING_VERSION = 1.0;
				PRODUCT_BUNDLE_IDENTIFIER = "com.test.app.First-iOS-AppUITests";
				PRODUCT_NAME = "$(TARGET_NAME)";
				SWIFT_EMIT_LOC_STRINGS = NO;
				SWIFT_VERSION = 5.0;
				TARGETED_DEVICE_FAMILY = "1,2";
				TEST_TARGET_NAME = First_iOS_App;
			};
			name = Release;
		};
/* End XCBuildConfiguration section */

/* Begin XCConfigurationList section */
		1855F38F2844F6CF00DAE477 /* Build configuration list for PBXProject "First_iOS_App" */ = {
			isa = XCConfigurationList;
			buildConfigurations = (
				1855F3BC2844F6D200DAE477 /* Debug */,
				1855F3BD2844F6D200DAE477 /* Release */,
			);
			defaultConfigurationIsVisible = 0;
			defaultConfigurationName = Release;
		};
		1855F3BE2844F6D200DAE477 /* Build configuration list for PBXNativeTarget "First_iOS_App" */ = {
			isa = XCConfigurationList;
			buildConfigurations = (
				1855F3BF2844F6D200DAE477 /* Debug */,
				1855F3C02844F6D200DAE477 /* Release */,
			);
			defaultConfigurationIsVisible = 0;
			defaultConfigurationName = Release;
		};
		1855F3C12844F6D200DAE477 /* Build configuration list for PBXNativeTarget "First_iOS_AppTests" */ = {
			isa = XCConfigurationList;
			buildConfigurations = (
				1855F3C22844F6D200DAE477 /* Debug */,
				1855F3C32844F6D200DAE477 /* Release */,
			);
			defaultConfigurationIsVisible = 0;
			defaultConfigurationName = Release;
		};
		1855F3C42844F6D200DAE477 /* Build configuration list for PBXNativeTarget "First_iOS_AppUITests" */ = {
			isa = XCConfigurationList;
			buildConfigurations = (
				1855F3C52844F6D200DAE477 /* Debug */,
				1855F3C62844F6D200DAE477 /* Release */,
			);
			defaultConfigurationIsVisible = 0;
			defaultConfigurationName = Release;
		};
/* End XCConfigurationList section */
	};
	rootObject = 1855F38C2844F6CF00DAE477 /* Project object */;
}
